
Microsoft Visual Studio Solution File, Format Version 12.00
# Visual Studio 15
VisualStudioVersion = 15.0.26730.16
MinimumVisualStudioVersion = 10.0.40219.1
Project("{FAE04EC0-301F-11D3-BF4B-00C04F79EFBC}") = "BCPA_OTS_Server", "BCPA_OTS_Server\BCPA_OTS_Server.csproj", "{6334A787-5D92-40AA-9A2E-C8D78C48ABAE}"
EndProject
Global
	GlobalSection(SolutionConfigurationPlatforms) = preSolution
		Debug|Any CPU = Debug|Any CPU
		Release|Any CPU = Release|Any CPU
	EndGlobalSection
	GlobalSection(ProjectConfigurationPlatforms) = postSolution
		{6334A787-5D92-40AA-9A2E-C8D78C48ABAE}.Debug|Any CPU.ActiveCfg = Debug|Any CPU
		{6334A787-5D92-40AA-9A2E-C8D78C48ABAE}.Debug|Any CPU.Build.0 = Debug|Any CPU
		{6334A787-5D92-40AA-9A2E-C8D78C48ABAE}.Release|Any CPU.ActiveCfg = Release|Any CPU
		{6334A787-5D92-40AA-9A2E-C8D78C48ABAE}.Release|Any CPU.Build.0 = Release|Any CPU
	EndGlobalSection
	GlobalSection(SolutionProperties) = preSolution
		HideSolutionNode = FALSE
	EndGlobalSection
	GlobalSection(ExtensibilityGlobals) = postSolution
		SolutionGuid = {1688EBC5-33A4-4AFC-8035-77F088CFD535}
	EndGlobalSection
EndGlobal
